
Microsoft Visual Studio Solution File, Format Version 12.00
# Visual Studio Version 16
VisualStudioVersion = 16.0.31515.178
MinimumVisualStudioVersion = 10.0.40219.1
Project("{FAE04EC0-301F-11D3-BF4B-00C04F79EFBC}") = "Max_Min_Array_Min_Comparisons_Pairs", "Max_Min_Array_Min_Comparisons_Pairs\Max_Min_Array_Min_Comparisons_Pairs.csproj", "{4E76338D-54DF-4629-848A-20298BCBB062}"
EndProject
Global
	GlobalSection(SolutionConfigurationPlatforms) = preSolution
		Debug|Any CPU = Debug|Any CPU
		Release|Any CPU = Release|Any CPU
	EndGlobalSection
	GlobalSection(ProjectConfigurationPlatforms) = postSolution
		{4E76338D-54DF-4629-848A-20298BCBB062}.Debug|Any CPU.ActiveCfg = Debug|Any CPU
		{4E76338D-54DF-4629-848A-20298BCBB062}.Debug|Any CPU.Build.0 = Debug|Any CPU
		{4E76338D-54DF-4629-848A-20298BCBB062}.Release|Any CPU.ActiveCfg = Release|Any CPU
		{4E76338D-54DF-4629-848A-20298BCBB062}.Release|Any CPU.Build.0 = Release|Any CPU
	EndGlobalSection
	GlobalSection(SolutionProperties) = preSolution
		HideSolutionNode = FALSE
	EndGlobalSection
	GlobalSection(ExtensibilityGlobals) = postSolution
		SolutionGuid = {EEF85523-4F18-4A31-B070-F2E9E899C243}
	EndGlobalSection
EndGlobal
