
Microsoft Visual Studio Solution File, Format Version 12.00
# Visual Studio Version 16
VisualStudioVersion = 16.0.31515.178
MinimumVisualStudioVersion = 10.0.40219.1
Project("{FAE04EC0-301F-11D3-BF4B-00C04F79EFBC}") = "Rev_Array_Rec", "Rev_Array_Rec\Rev_Array_Rec.csproj", "{FF177CEF-3F7A-4490-92EE-2FE02A67C33D}"
EndProject
Global
	GlobalSection(SolutionConfigurationPlatforms) = preSolution
		Debug|Any CPU = Debug|Any CPU
		Release|Any CPU = Release|Any CPU
	EndGlobalSection
	GlobalSection(ProjectConfigurationPlatforms) = postSolution
		{FF177CEF-3F7A-4490-92EE-2FE02A67C33D}.Debug|Any CPU.ActiveCfg = Debug|Any CPU
		{FF177CEF-3F7A-4490-92EE-2FE02A67C33D}.Debug|Any CPU.Build.0 = Debug|Any CPU
		{FF177CEF-3F7A-4490-92EE-2FE02A67C33D}.Release|Any CPU.ActiveCfg = Release|Any CPU
		{FF177CEF-3F7A-4490-92EE-2FE02A67C33D}.Release|Any CPU.Build.0 = Release|Any CPU
	EndGlobalSection
	GlobalSection(SolutionProperties) = preSolution
		HideSolutionNode = FALSE
	EndGlobalSection
	GlobalSection(ExtensibilityGlobals) = postSolution
		SolutionGuid = {D5F86CE2-CD08-4A39-9135-F14D613AE762}
	EndGlobalSection
EndGlobal
